// !$*UTF8*$!
{
	archiveVersion = 1;
	classes = {
	};
	objectVersion = 50;
	objects = {

/* Begin PBXBuildFile section */
		247A8E2223C64C850081B241 /* AppDelegate.swift in Sources */ = {isa = PBXBuildFile; fileRef = 247A8E2123C64C850081B241 /* AppDelegate.swift */; };
		247A8E2423C64C850081B241 /* SceneDelegate.swift in Sources */ = {isa = PBXBuildFile; fileRef = 247A8E2323C64C850081B241 /* SceneDelegate.swift */; };
		247A8E2623C64C850081B241 /* ViewController.swift in Sources */ = {isa = PBXBuildFile; fileRef = 247A8E2523C64C850081B241 /* ViewController.swift */; };
		247A8E2923C64C850081B241 /* Main.storyboard in Resources */ = {isa = PBXBuildFile; fileRef = 247A8E2723C64C850081B241 /* Main.storyboard */; };
		247A8E2B23C64C860081B241 /* Assets.xcassets in Resources */ = {isa = PBXBuildFile; fileRef = 247A8E2A23C64C860081B241 /* Assets.xcassets */; };
		247A8E2E23C64C860081B241 /* LaunchScreen.storyboard in Resources */ = {isa = PBXBuildFile; fileRef = 247A8E2C23C64C860081B241 /* LaunchScreen.storyboard */; };
		247A8E3923C64C860081B241 /* TippyTests.swift in Sources */ = {isa = PBXBuildFile; fileRef = 247A8E3823C64C860081B241 /* TippyTests.swift */; };
		247A8E4423C64C860081B241 /* TippyUITests.swift in Sources */ = {isa = PBXBuildFile; fileRef = 247A8E4323C64C860081B241 /* TippyUITests.swift */; };
/* End PBXBuildFile section */

/* Begin PBXContainerItemProxy section */
		247A8E3523C64C860081B241 /* PBXContainerItemProxy */ = {
			isa = PBXContainerItemProxy;
			containerPortal = 247A8E1623C64C850081B241 /* Project object */;
			proxyType = 1;
			remoteGlobalIDString = 247A8E1D23C64C850081B241;
			remoteInfo = Tippy;
		};
		247A8E4023C64C860081B241 /* PBXContainerItemProxy */ = {
			isa = PBXContainerItemProxy;
			containerPortal = 247A8E1623C64C850081B241 /* Project object */;
			proxyType = 1;
			remoteGlobalIDString = 247A8E1D23C64C850081B241;
			remoteInfo = Tippy;
		};
/* End PBXContainerItemProxy section */

/* Begin PBXFileReference section */
		247A8E1E23C64C850081B241 /* Tippy.app */ = {isa = PBXFileReference; explicitFileType = wrapper.application; includeInIndex = 0; path = Tippy.app; sourceTree = BUILT_PRODUCTS_DIR; };
		247A8E2123C64C850081B241 /* AppDelegate.swift */ = {isa = PBXFileReference; lastKnownFileType = sourcecode.swift; path = AppDelegate.swift; sourceTree = "<group>"; };
		247A8E2323C64C850081B241 /* SceneDelegate.swift */ = {isa = PBXFileReference; lastKnownFileType = sourcecode.swift; path = SceneDelegate.swift; sourceTree = "<group>"; };
		247A8E2523C64C850081B241 /* ViewController.swift */ = {isa = PBXFileReference; lastKnownFileType = sourcecode.swift; path = ViewController.swift; sourceTree = "<group>"; };
		247A8E2823C64C850081B241 /* Base */ = {isa = PBXFileReference; lastKnownFileType = file.storyboard; name = Base; path = Base.lproj/Main.storyboard; sourceTree = "<group>"; };
		247A8E2A23C64C860081B241 /* Assets.xcassets */ = {isa = PBXFileReference; lastKnownFileType = folder.assetcatalog; path = Assets.xcassets; sourceTree = "<group>"; };
		247A8E2D23C64C860081B241 /* Base */ = {isa = PBXFileReference; lastKnownFileType = file.storyboard; name = Base; path = Base.lproj/LaunchScreen.storyboard; sourceTree = "<group>"; };
		247A8E2F23C64C860081B241 /* Info.plist */ = {isa = PBXFileReference; lastKnownFileType = text.plist.xml; path = Info.plist; sourceTree = "<group>"; };
		247A8E3423C64C860081B241 /* TippyTests.xctest */ = {isa = PBXFileReference; explicitFileType = wrapper.cfbundle; includeInIndex = 0; path = TippyTests.xctest; sourceTree = BUILT_PRODUCTS_DIR; };
		247A8E3823C64C860081B241 /* TippyTests.swift */ = {isa = PBXFileReference; lastKnownFileType = sourcecode.swift; path = TippyTests.swift; sourceTree = "<group>"; };
		247A8E3A23C64C860081B241 /* Info.plist */ = {isa = PBXFileReference; lastKnownFileType = text.plist.xml; path = Info.plist; sourceTree = "<group>"; };
		247A8E3F23C64C860081B241 /* TippyUITests.xctest */ = {isa = PBXFileReference; explicitFileType = wrapper.cfbundle; includeInIndex = 0; path = TippyUITests.xctest; sourceTree = BUILT_PRODUCTS_DIR; };
		247A8E4323C64C860081B241 /* TippyUITests.swift */ = {isa = PBXFileReference; lastKnownFileType = sourcecode.swift; path = TippyUITests.swift; sourceTree = "<group>"; };
		247A8E4523C64C860081B241 /* Info.plist */ = {isa = PBXFileReference; lastKnownFileType = text.plist.xml; path = Info.plist; sourceTree = "<group>"; };
/* End PBXFileReference section */

/* Begin PBXFrameworksBuildPhase section */
		247A8E1B23C64C850081B241 /* Frameworks */ = {
			isa = PBXFrameworksBuildPhase;
			buildActionMask = 2147483647;
			files = (
			);
			runOnlyForDeploymentPostprocessing = 0;
		};
		247A8E3123C64C860081B241 /* Frameworks */ = {
			isa = PBXFrameworksBuildPhase;
			buildActionMask = 2147483647;
			files = (
			);
			runOnlyForDeploymentPostprocessing = 0;
		};
		247A8E3C23C64C860081B241 /* Frameworks */ = {
			isa = PBXFrameworksBuildPhase;
			buildActionMask = 2147483647;
			files = (
			);
			runOnlyForDeploymentPostprocessing = 0;
		};
/* End PBXFrameworksBuildPhase section */

/* Begin PBXGroup section */
		247A8E1523C64C850081B241 = {
			isa = PBXGroup;
			children = (
				247A8E2023C64C850081B241 /* Tippy */,
				247A8E3723C64C860081B241 /* TippyTests */,
				247A8E4223C64C860081B241 /* TippyUITests */,
				247A8E1F23C64C850081B241 /* Products */,
			);
			sourceTree = "<group>";
		};
		247A8E1F23C64C850081B241 /* Products */ = {
			isa = PBXGroup;
			children = (
				247A8E1E23C64C850081B241 /* Tippy.app */,
				247A8E3423C64C860081B241 /* TippyTests.xctest */,
				247A8E3F23C64C860081B241 /* TippyUITests.xctest */,
			);
			name = Products;
			sourceTree = "<group>";
		};
		247A8E2023C64C850081B241 /* Tippy */ = {
			isa = PBXGroup;
			children = (
				247A8E2123C64C850081B241 /* AppDelegate.swift */,
				247A8E2323C64C850081B241 /* SceneDelegate.swift */,
				247A8E2523C64C850081B241 /* ViewController.swift */,
				247A8E2723C64C850081B241 /* Main.storyboard */,
				247A8E2A23C64C860081B241 /* Assets.xcassets */,
				247A8E2C23C64C860081B241 /* LaunchScreen.storyboard */,
				247A8E2F23C64C860081B241 /* Info.plist */,
			);
			path = Tippy;
			sourceTree = "<group>";
		};
		247A8E3723C64C860081B241 /* TippyTests */ = {
			isa = PBXGroup;
			children = (
				247A8E3823C64C860081B241 /* TippyTests.swift */,
				247A8E3A23C64C860081B241 /* Info.plist */,
			);
			path = TippyTests;
			sourceTree = "<group>";
		};
		247A8E4223C64C860081B241 /* TippyUITests */ = {
			isa = PBXGroup;
			children = (
				247A8E4323C64C860081B241 /* TippyUITests.swift */,
				247A8E4523C64C860081B241 /* Info.plist */,
			);
			path = TippyUITests;
			sourceTree = "<group>";
		};
/* End PBXGroup section */

/* Begin PBXNativeTarget section */
		247A8E1D23C64C850081B241 /* Tippy */ = {
			isa = PBXNativeTarget;
			buildConfigurationList = 247A8E4823C64C860081B241 /* Build configuration list for PBXNativeTarget "Tippy" */;
			buildPhases = (
				247A8E1A23C64C850081B241 /* Sources */,
				247A8E1B23C64C850081B241 /* Frameworks */,
				247A8E1C23C64C850081B241 /* Resources */,
			);
			buildRules = (
			);
			dependencies = (
			);
			name = Tippy;
			productName = Tippy;
			productReference = 247A8E1E23C64C850081B241 /* Tippy.app */;
			productType = "com.apple.product-type.application";
		};
		247A8E3323C64C860081B241 /* TippyTests */ = {
			isa = PBXNativeTarget;
			buildConfigurationList = 247A8E4B23C64C860081B241 /* Build configuration list for PBXNativeTarget "TippyTests" */;
			buildPhases = (
				247A8E3023C64C860081B241 /* Sources */,
				247A8E3123C64C860081B241 /* Frameworks */,
				247A8E3223C64C860081B241 /* Resources */,
			);
			buildRules = (
			);
			dependencies = (
				247A8E3623C64C860081B241 /* PBXTargetDependency */,
			);
			name = TippyTests;
			productName = TippyTests;
			productReference = 247A8E3423C64C860081B241 /* TippyTests.xctest */;
			productType = "com.apple.product-type.bundle.unit-test";
		};
		247A8E3E23C64C860081B241 /* TippyUITests */ = {
			isa = PBXNativeTarget;
			buildConfigurationList = 247A8E4E23C64C860081B241 /* Build configuration list for PBXNativeTarget "TippyUITests" */;
			buildPhases = (
				247A8E3B23C64C860081B241 /* Sources */,
				247A8E3C23C64C860081B241 /* Frameworks */,
				247A8E3D23C64C860081B241 /* Resources */,
			);
			buildRules = (
			);
			dependencies = (
				247A8E4123C64C860081B241 /* PBXTargetDependency */,
			);
			name = TippyUITests;
			productName = TippyUITests;
			productReference = 247A8E3F23C64C860081B241 /* TippyUITests.xctest */;
			productType = "com.apple.product-type.bundle.ui-testing";
		};
/* End PBXNativeTarget section */

/* Begin PBXProject section */
		247A8E1623C64C850081B241 /* Project object */ = {
			isa = PBXProject;
			attributes = {
				LastSwiftUpdateCheck = 1130;
				LastUpgradeCheck = 1130;
				ORGANIZATIONNAME = "Jose Alvarez";
				TargetAttributes = {
					247A8E1D23C64C850081B241 = {
						CreatedOnToolsVersion = 11.3;
					};
					247A8E3323C64C860081B241 = {
						CreatedOnToolsVersion = 11.3;
						TestTargetID = 247A8E1D23C64C850081B241;
					};
					247A8E3E23C64C860081B241 = {
						CreatedOnToolsVersion = 11.3;
						TestTargetID = 247A8E1D23C64C850081B241;
					};
				};
			};
			buildConfigurationList = 247A8E1923C64C850081B241 /* Build configuration list for PBXProject "Tippy" */;
			compatibilityVersion = "Xcode 9.3";
			developmentRegion = en;
			hasScannedForEncodings = 0;
			knownRegions = (
				en,
				Base,
			);
			mainGroup = 247A8E1523C64C850081B241;
			productRefGroup = 247A8E1F23C64C850081B241 /* Products */;
			projectDirPath = "";
			projectRoot = "";
			targets = (
				247A8E1D23C64C850081B241 /* Tippy */,
				247A8E3323C64C860081B241 /* TippyTests */,
				247A8E3E23C64C860081B241 /* TippyUITests */,
			);
		};
/* End PBXProject section */

/* Begin PBXResourcesBuildPhase section */
		247A8E1C23C64C850081B241 /* Resources */ = {
			isa = PBXResourcesBuildPhase;
			buildActionMask = 2147483647;
			files = (
				247A8E2E23C64C860081B241 /* LaunchScreen.storyboard in Resources */,
				247A8E2B23C64C860081B241 /* Assets.xcassets in Resources */,
				247A8E2923C64C850081B241 /* Main.storyboard in Resources */,
			);
			runOnlyForDeploymentPostprocessing = 0;
		};
		247A8E3223C64C860081B241 /* Resources */ = {
			isa = PBXResourcesBuildPhase;
			buildActionMask = 2147483647;
			files = (
			);
			runOnlyForDeploymentPostprocessing = 0;
		};
		247A8E3D23C64C860081B241 /* Resources */ = {
			isa = PBXResourcesBuildPhase;
			buildActionMask = 2147483647;
			files = (
			);
			runOnlyForDeploymentPostprocessing = 0;
		};
/* End PBXResourcesBuildPhase section */

/* Begin PBXSourcesBuildPhase section */
		247A8E1A23C64C850081B241 /* Sources */ = {
			isa = PBXSourcesBuildPhase;
			buildActionMask = 2147483647;
			files = (
				247A8E2623C64C850081B241 /* ViewController.swift in Sources */,
				247A8E2223C64C850081B241 /* AppDelegate.swift in Sources */,
				247A8E2423C64C850081B241 /* SceneDelegate.swift in Sources */,
			);
			runOnlyForDeploymentPostprocessing = 0;
		};
		247A8E3023C64C860081B241 /* Sources */ = {
			isa = PBXSourcesBuildPhase;
			buildActionMask = 2147483647;
			files = (
				247A8E3923C64C860081B241 /* TippyTests.swift in Sources */,
			);
			runOnlyForDeploymentPostprocessing = 0;
		};
		247A8E3B23C64C860081B241 /* Sources */ = {
			isa = PBXSourcesBuildPhase;
			buildActionMask = 2147483647;
			files = (
				247A8E4423C64C860081B241 /* TippyUITests.swift in Sources */,
			);
			runOnlyForDeploymentPostprocessing = 0;
		};
/* End PBXSourcesBuildPhase section */

/* Begin PBXTargetDependency section */
		247A8E3623C64C860081B241 /* PBXTargetDependency */ = {
			isa = PBXTargetDependency;
			target = 247A8E1D23C64C850081B241 /* Tippy */;
			targetProxy = 247A8E3523C64C860081B241 /* PBXContainerItemProxy */;
		};
		247A8E4123C64C860081B241 /* PBXTargetDependency */ = {
			isa = PBXTargetDependency;
			target = 247A8E1D23C64C850081B241 /* Tippy */;
			targetProxy = 247A8E4023C64C860081B241 /* PBXContainerItemProxy */;
		};
/* End PBXTargetDependency section */

/* Begin PBXVariantGroup section */
		247A8E2723C64C850081B241 /* Main.storyboard */ = {
			isa = PBXVariantGroup;
			children = (
				247A8E2823C64C850081B241 /* Base */,
			);
			name = Main.storyboard;
			sourceTree = "<group>";
		};
		247A8E2C23C64C860081B241 /* LaunchScreen.storyboard */ = {
			isa = PBXVariantGroup;
			children = (
				247A8E2D23C64C860081B241 /* Base */,
			);
			name = LaunchScreen.storyboard;
			sourceTree = "<group>";
		};
/* End PBXVariantGroup section */

/* Begin XCBuildConfiguration section */
		247A8E4623C64C860081B241 /* Debug */ = {
			isa = XCBuildConfiguration;
			buildSettings = {
				ALWAYS_SEARCH_USER_PATHS = NO;
				CLANG_ANALYZER_NONNULL = YES;
				CLANG_ANALYZER_NUMBER_OBJECT_CONVERSION = YES_AGGRESSIVE;
				CLANG_CXX_LANGUAGE_STANDARD = "gnu++14";
				CLANG_CXX_LIBRARY = "libc++";
				CLANG_ENABLE_MODULES = YES;
				CLANG_ENABLE_OBJC_ARC = YES;
				CLANG_ENABLE_OBJC_WEAK = YES;
				CLANG_WARN_BLOCK_CAPTURE_AUTORELEASING = YES;
				CLANG_WARN_BOOL_CONVERSION = YES;
				CLANG_WARN_COMMA = YES;
				CLANG_WARN_CONSTANT_CONVERSION = YES;
				CLANG_WARN_DEPRECATED_OBJC_IMPLEMENTATIONS = YES;
				CLANG_WARN_DIRECT_OBJC_ISA_USAGE = YES_ERROR;
				CLANG_WARN_DOCUMENTATION_COMMENTS = YES;
				CLANG_WARN_EMPTY_BODY = YES;
				CLANG_WARN_ENUM_CONVERSION = YES;
				CLANG_WARN_INFINITE_RECURSION = YES;
				CLANG_WARN_INT_CONVERSION = YES;
				CLANG_WARN_NON_LITERAL_NULL_CONVERSION = YES;
				CLANG_WARN_OBJC_IMPLICIT_RETAIN_SELF = YES;
				CLANG_WARN_OBJC_LITERAL_CONVERSION = YES;
				CLANG_WARN_OBJC_ROOT_CLASS = YES_ERROR;
				CLANG_WARN_RANGE_LOOP_ANALYSIS = YES;
				CLANG_WARN_STRICT_PROTOTYPES = YES;
				CLANG_WARN_SUSPICIOUS_MOVE = YES;
				CLANG_WARN_UNGUARDED_AVAILABILITY = YES_AGGRESSIVE;
				CLANG_WARN_UNREACHABLE_CODE = YES;
				CLANG_WARN__DUPLICATE_METHOD_MATCH = YES;
				COPY_PHASE_STRIP = NO;
				DEBUG_INFORMATION_FORMAT = dwarf;
				ENABLE_STRICT_OBJC_MSGSEND = YES;
				ENABLE_TESTABILITY = YES;
				GCC_C_LANGUAGE_STANDARD = gnu11;
				GCC_DYNAMIC_NO_PIC = NO;
				GCC_NO_COMMON_BLOCKS = YES;
				GCC_OPTIMIZATION_LEVEL = 0;
				GCC_PREPROCESSOR_DEFINITIONS = (
					"DEBUG=1",
					"$(inherited)",
				);
				GCC_WARN_64_TO_32_BIT_CONVERSION = YES;
				GCC_WARN_ABOUT_RETURN_TYPE = YES_ERROR;
				GCC_WARN_UNDECLARED_SELECTOR = YES;
				GCC_WARN_UNINITIALIZED_AUTOS = YES_AGGRESSIVE;
				GCC_WARN_UNUSED_FUNCTION = YES;
				GCC_WARN_UNUSED_VARIABLE = YES;
				IPHONEOS_DEPLOYMENT_TARGET = 13.2;
				MTL_ENABLE_DEBUG_INFO = INCLUDE_SOURCE;
				MTL_FAST_MATH = YES;
				ONLY_ACTIVE_ARCH = YES;
				SDKROOT = iphoneos;
				SWIFT_ACTIVE_COMPILATION_CONDITIONS = DEBUG;
				SWIFT_OPTIMIZATION_LEVEL = "-Onone";
			};
			name = Debug;
		};
		247A8E4723C64C860081B241 /* Release */ = {
			isa = XCBuildConfiguration;
			buildSettings = {
				ALWAYS_SEARCH_USER_PATHS = NO;
				CLANG_ANALYZER_NONNULL = YES;
				CLANG_ANALYZER_NUMBER_OBJECT_CONVERSION = YES_AGGRESSIVE;
				CLANG_CXX_LANGUAGE_STANDARD = "gnu++14";
				CLANG_CXX_LIBRARY = "libc++";
				CLANG_ENABLE_MODULES = YES;
				CLANG_ENABLE_OBJC_ARC = YES;
				CLANG_ENABLE_OBJC_WEAK = YES;
				CLANG_WARN_BLOCK_CAPTURE_AUTORELEASING = YES;
				CLANG_WARN_BOOL_CONVERSION = YES;
				CLANG_WARN_COMMA = YES;
				CLANG_WARN_CONSTANT_CONVERSION = YES;
				CLANG_WARN_DEPRECATED_OBJC_IMPLEMENTATIONS = YES;
				CLANG_WARN_DIRECT_OBJC_ISA_USAGE = YES_ERROR;
				CLANG_WARN_DOCUMENTATION_COMMENTS = YES;
				CLANG_WARN_EMPTY_BODY = YES;
				CLANG_WARN_ENUM_CONVERSION = YES;
				CLANG_WARN_INFINITE_RECURSION = YES;
				CLANG_WARN_INT_CONVERSION = YES;
				CLANG_WARN_NON_LITERAL_NULL_CONVERSION = YES;
				CLANG_WARN_OBJC_IMPLICIT_RETAIN_SELF = YES;
				CLANG_WARN_OBJC_LITERAL_CONVERSION = YES;
				CLANG_WARN_OBJC_ROOT_CLASS = YES_ERROR;
				CLANG_WARN_RANGE_LOOP_ANALYSIS = YES;
				CLANG_WARN_STRICT_PROTOTYPES = YES;
				CLANG_WARN_SUSPICIOUS_MOVE = YES;
				CLANG_WARN_UNGUARDED_AVAILABILITY = YES_AGGRESSIVE;
				CLANG_WARN_UNREACHABLE_CODE = YES;
				CLANG_WARN__DUPLICATE_METHOD_MATCH = YES;
				COPY_PHASE_STRIP = NO;
				DEBUG_INFORMATION_FORMAT = "dwarf-with-dsym";
				ENABLE_NS_ASSERTIONS = NO;
				ENABLE_STRICT_OBJC_MSGSEND = YES;
				GCC_C_LANGUAGE_STANDARD = gnu11;
				GCC_NO_COMMON_BLOCKS = YES;
				GCC_WARN_64_TO_32_BIT_CONVERSION = YES;
				GCC_WARN_ABOUT_RETURN_TYPE = YES_ERROR;
				GCC_WARN_UNDECLARED_SELECTOR = YES;
				GCC_WARN_UNINITIALIZED_AUTOS = YES_AGGRESSIVE;
				GCC_WARN_UNUSED_FUNCTION = YES;
				GCC_WARN_UNUSED_VARIABLE = YES;
				IPHONEOS_DEPLOYMENT_TARGET = 13.2;
				MTL_ENABLE_DEBUG_INFO = NO;
				MTL_FAST_MATH = YES;
				SDKROOT = iphoneos;
				SWIFT_COMPILATION_MODE = wholemodule;
				SWIFT_OPTIMIZATION_LEVEL = "-O";
				VALIDATE_PRODUCT = YES;
			};
			name = Release;
		};
		247A8E4923C64C860081B241 /* Debug */ = {
			isa = XCBuildConfiguration;
			buildSettings = {
				ASSETCATALOG_COMPILER_APPICON_NAME = AppIcon;
				CODE_SIGN_STYLE = Automatic;
				INFOPLIST_FILE = Tippy/Info.plist;
				LD_RUNPATH_SEARCH_PATHS = (
					"$(inherited)",
					"@executable_path/Frameworks",
				);
				PRODUCT_BUNDLE_IDENTIFIER = com.josealvarez.Tippy;
				PRODUCT_NAME = "$(TARGET_NAME)";
				SWIFT_VERSION = 5.0;
				TARGETED_DEVICE_FAMILY = "1,2";
			};
			name = Debug;
		};
		247A8E4A23C64C860081B241 /* Release */ = {
			isa = XCBuildConfiguration;
			buildSettings = {
				ASSETCATALOG_COMPILER_APPICON_NAME = AppIcon;
				CODE_SIGN_STYLE = Automatic;
				INFOPLIST_FILE = Tippy/Info.plist;
				LD_RUNPATH_SEARCH_PATHS = (
					"$(inherited)",
					"@executable_path/Frameworks",
				);
				PRODUCT_BUNDLE_IDENTIFIER = com.josealvarez.Tippy;
				PRODUCT_NAME = "$(TARGET_NAME)";
				SWIFT_VERSION = 5.0;
				TARGETED_DEVICE_FAMILY = "1,2";
			};
			name = Release;
		};
		247A8E4C23C64C860081B241 /* Debug */ = {
			isa = XCBuildConfiguration;
			buildSettings = {
				ALWAYS_EMBED_SWIFT_STANDARD_LIBRARIES = YES;
				BUNDLE_LOADER = "$(TEST_HOST)";
				CODE_SIGN_STYLE = Automatic;
				INFOPLIST_FILE = TippyTests/Info.plist;
				IPHONEOS_DEPLOYMENT_TARGET = 13.2;
				LD_RUNPATH_SEARCH_PATHS = (
					"$(inherited)",
					"@executable_path/Frameworks",
					"@loader_path/Frameworks",
				);
				PRODUCT_BUNDLE_IDENTIFIER = com.josealvarez.TippyTests;
				PRODUCT_NAME = "$(TARGET_NAME)";
				SWIFT_VERSION = 5.0;
				TARGETED_DEVICE_FAMILY = "1,2";
				TEST_HOST = "$(BUILT_PRODUCTS_DIR)/Tippy.app/Tippy";
			};
			name = Debug;
		};
		247A8E4D23C64C860081B241 /* Release */ = {
			isa = XCBuildConfiguration;
			buildSettings = {
				ALWAYS_EMBED_SWIFT_STANDARD_LIBRARIES = YES;
				BUNDLE_LOADER = "$(TEST_HOST)";
				CODE_SIGN_STYLE = Automatic;
				INFOPLIST_FILE = TippyTests/Info.plist;
				IPHONEOS_DEPLOYMENT_TARGET = 13.2;
				LD_RUNPATH_SEARCH_PATHS = (
					"$(inherited)",
					"@executable_path/Frameworks",
					"@loader_path/Frameworks",
				);
				PRODUCT_BUNDLE_IDENTIFIER = com.josealvarez.TippyTests;
				PRODUCT_NAME = "$(TARGET_NAME)";
				SWIFT_VERSION = 5.0;
				TARGETED_DEVICE_FAMILY = "1,2";
				TEST_HOST = "$(BUILT_PRODUCTS_DIR)/Tippy.app/Tippy";
			};
			name = Release;
		};
		247A8E4F23C64C860081B241 /* Debug */ = {
			isa = XCBuildConfiguration;
			buildSettings = {
				ALWAYS_EMBED_SWIFT_STANDARD_LIBRARIES = YES;
				CODE_SIGN_STYLE = Automatic;
				INFOPLIST_FILE = TippyUITests/Info.plist;
				LD_RUNPATH_SEARCH_PATHS = (
					"$(inherited)",
					"@executable_path/Frameworks",
					"@loader_path/Frameworks",
				);
				PRODUCT_BUNDLE_IDENTIFIER = com.josealvarez.TippyUITests;
				PRODUCT_NAME = "$(TARGET_NAME)";
				SWIFT_VERSION = 5.0;
				TARGETED_DEVICE_FAMILY = "1,2";
				TEST_TARGET_NAME = Tippy;
			};
			name = Debug;
		};
		247A8E5023C64C860081B241 /* Release */ = {
			isa = XCBuildConfiguration;
			buildSettings = {
				ALWAYS_EMBED_SWIFT_STANDARD_LIBRARIES = YES;
				CODE_SIGN_STYLE = Automatic;
				INFOPLIST_FILE = TippyUITests/Info.plist;
				LD_RUNPATH_SEARCH_PATHS = (
					"$(inherited)",
					"@executable_path/Frameworks",
					"@loader_path/Frameworks",
				);
				PRODUCT_BUNDLE_IDENTIFIER = com.josealvarez.TippyUITests;
				PRODUCT_NAME = "$(TARGET_NAME)";
				SWIFT_VERSION = 5.0;
				TARGETED_DEVICE_FAMILY = "1,2";
				TEST_TARGET_NAME = Tippy;
			};
			name = Release;
		};
/* End XCBuildConfiguration section */

/* Begin XCConfigurationList section */
		247A8E1923C64C850081B241 /* Build configuration list for PBXProject "Tippy" */ = {
			isa = XCConfigurationList;
			buildConfigurations = (
				247A8E4623C64C860081B241 /* Debug */,
				247A8E4723C64C860081B241 /* Release */,
			);
			defaultConfigurationIsVisible = 0;
			defaultConfigurationName = Release;
		};
		247A8E4823C64C860081B241 /* Build configuration list for PBXNativeTarget "Tippy" */ = {
			isa = XCConfigurationList;
			buildConfigurations = (
				247A8E4923C64C860081B241 /* Debug */,
				247A8E4A23C64C860081B241 /* Release */,
			);
			defaultConfigurationIsVisible = 0;
			defaultConfigurationName = Release;
		};
		247A8E4B23C64C860081B241 /* Build configuration list for PBXNativeTarget "TippyTests" */ = {
			isa = XCConfigurationList;
			buildConfigurations = (
				247A8E4C23C64C860081B241 /* Debug */,
				247A8E4D23C64C860081B241 /* Release */,
			);
			defaultConfigurationIsVisible = 0;
			defaultConfigurationName = Release;
		};
		247A8E4E23C64C860081B241 /* Build configuration list for PBXNativeTarget "TippyUITests" */ = {
			isa = XCConfigurationList;
			buildConfigurations = (
				247A8E4F23C64C860081B241 /* Debug */,
				247A8E5023C64C860081B241 /* Release */,
			);
			defaultConfigurationIsVisible = 0;
			defaultConfigurationName = Release;
		};
/* End XCConfigurationList section */
	};
	rootObject = 247A8E1623C64C850081B241 /* Project object */;
}
